// !$*UTF8*$!
{
	archiveVersion = 1;
	classes = {
	};
	objectVersion = 77;
	objects = {

/* Begin PBXBuildFile section */
		337824DE2F4B378200A3921B /* TransitModels in Frameworks */ = {isa = PBXBuildFile; productRef = 337824512F4B2B0A00A3921B /* TransitModels */; };
		33AA0BAB2F51974E00907628 /* WidgetKit.framework in Frameworks */ = {isa = PBXBuildFile; fileRef = 33AA0BAA2F51974E00907628 /* WidgetKit.framework */; };
		33AA0BAD2F51974E00907628 /* SwiftUI.framework in Frameworks */ = {isa = PBXBuildFile; fileRef = 33AA0BAC2F51974E00907628 /* SwiftUI.framework */; };
		33AA0BBA2F51974F00907628 /* metropolistWidgetsExtension.appex in Embed Foundation Extensions */ = {isa = PBXBuildFile; fileRef = 33AA0BA82F51974E00907628 /* metropolistWidgetsExtension.appex */; settings = {ATTRIBUTES = (RemoveHeadersOnCopy, ); }; };
/* End PBXBuildFile section */

/* Begin PBXContainerItemProxy section */
		337824332F4B2B0A00A3921B /* PBXContainerItemProxy */ = {
			isa = PBXContainerItemProxy;
			containerPortal = 3378241B2F4B2B0900A3921B /* Project object */;
			proxyType = 1;
			remoteGlobalIDString = 337824222F4B2B0900A3921B;
			remoteInfo = metropolist;
		};
		3378243D2F4B2B0A00A3921B /* PBXContainerItemProxy */ = {
			isa = PBXContainerItemProxy;
			containerPortal = 3378241B2F4B2B0900A3921B /* Project object */;
			proxyType = 1;
			remoteGlobalIDString = 337824222F4B2B0900A3921B;
			remoteInfo = metropolist;
		};
		33AA0BB82F51974F00907628 /* PBXContainerItemProxy */ = {
			isa = PBXContainerItemProxy;
			containerPortal = 3378241B2F4B2B0900A3921B /* Project object */;
			proxyType = 1;
			remoteGlobalIDString = 33AA0BA72F51974E00907628;
			remoteInfo = metropolistWidgetsExtension;
		};
/* End PBXContainerItemProxy section */

/* Begin PBXCopyFilesBuildPhase section */
		33AA0BBF2F51974F00907628 /* Embed Foundation Extensions */ = {
			isa = PBXCopyFilesBuildPhase;
			buildActionMask = 2147483647;
			dstPath = "";
			dstSubfolderSpec = 13;
			files = (
				33AA0BBA2F51974F00907628 /* metropolistWidgetsExtension.appex in Embed Foundation Extensions */,
			);
			name = "Embed Foundation Extensions";
			runOnlyForDeploymentPostprocessing = 0;
		};
/* End PBXCopyFilesBuildPhase section */

/* Begin PBXFileReference section */
		337824232F4B2B0900A3921B /* metropolist.app */ = {isa = PBXFileReference; explicitFileType = wrapper.application; includeInIndex = 0; path = metropolist.app; sourceTree = BUILT_PRODUCTS_DIR; };
		337824322F4B2B0A00A3921B /* metropolistTests.xctest */ = {isa = PBXFileReference; explicitFileType = wrapper.cfbundle; includeInIndex = 0; path = metropolistTests.xctest; sourceTree = BUILT_PRODUCTS_DIR; };
		3378243C2F4B2B0A00A3921B /* metropolistUITests.xctest */ = {isa = PBXFileReference; explicitFileType = wrapper.cfbundle; includeInIndex = 0; path = metropolistUITests.xctest; sourceTree = BUILT_PRODUCTS_DIR; };
		33AA0BA82F51974E00907628 /* metropolistWidgetsExtension.appex */ = {isa = PBXFileReference; explicitFileType = "wrapper.app-extension"; includeInIndex = 0; path = metropolistWidgetsExtension.appex; sourceTree = BUILT_PRODUCTS_DIR; };
		33AA0BAA2F51974E00907628 /* WidgetKit.framework */ = {isa = PBXFileReference; lastKnownFileType = wrapper.framework; name = WidgetKit.framework; path = System/Library/Frameworks/WidgetKit.framework; sourceTree = SDKROOT; };
		33AA0BAC2F51974E00907628 /* SwiftUI.framework */ = {isa = PBXFileReference; lastKnownFileType = wrapper.framework; name = SwiftUI.framework; path = System/Library/Frameworks/SwiftUI.framework; sourceTree = SDKROOT; };
		33AA0BC02F51976A00907628 /* metropolistWidgetsExtension.entitlements */ = {isa = PBXFileReference; lastKnownFileType = text.plist.entitlements; path = metropolistWidgetsExtension.entitlements; sourceTree = "<group>"; };
/* End PBXFileReference section */

/* Begin PBXFileSystemSynchronizedBuildFileExceptionSet section */
		33AA0BBE2F51974F00907628 /* Exceptions for "metropolistWidgets" folder in "metropolistWidgetsExtension" target */ = {
			isa = PBXFileSystemSynchronizedBuildFileExceptionSet;
			membershipExceptions = (
				Info.plist,
			);
			target = 33AA0BA72F51974E00907628 /* metropolistWidgetsExtension */;
		};
		33DFA4E32F4BDE7800347262 /* Exceptions for "metropolist" folder in "metropolist" target */ = {
			isa = PBXFileSystemSynchronizedBuildFileExceptionSet;
			membershipExceptions = (
				Info.plist,
			);
			target = 337824222F4B2B0900A3921B /* metropolist */;
		};
/* End PBXFileSystemSynchronizedBuildFileExceptionSet section */

/* Begin PBXFileSystemSynchronizedRootGroup section */
		337824252F4B2B0900A3921B /* metropolist */ = {
			isa = PBXFileSystemSynchronizedRootGroup;
			exceptions = (
				33DFA4E32F4BDE7800347262 /* Exceptions for "metropolist" folder in "metropolist" target */,
			);
			path = metropolist;
			sourceTree = "<group>";
		};
		337824352F4B2B0A00A3921B /* metropolistTests */ = {
			isa = PBXFileSystemSynchronizedRootGroup;
			path = metropolistTests;
			sourceTree = "<group>";
		};
		3378243F2F4B2B0A00A3921B /* metropolistUITests */ = {
			isa = PBXFileSystemSynchronizedRootGroup;
			path = metropolistUITests;
			sourceTree = "<group>";
		};
		33AA0BAE2F51974E00907628 /* metropolistWidgets */ = {
			isa = PBXFileSystemSynchronizedRootGroup;
			exceptions = (
				33AA0BBE2F51974F00907628 /* Exceptions for "metropolistWidgets" folder in "metropolistWidgetsExtension" target */,
			);
			path = metropolistWidgets;
			sourceTree = "<group>";
		};
		33CC00012F5197FF00SHARED /* Shared */ = {
			isa = PBXFileSystemSynchronizedRootGroup;
			path = Shared;
			sourceTree = "<group>";
		};
/* End PBXFileSystemSynchronizedRootGroup section */

/* Begin PBXFrameworksBuildPhase section */
		337824202F4B2B0900A3921B /* Frameworks */ = {
			isa = PBXFrameworksBuildPhase;
			buildActionMask = 2147483647;
			files = (
				337824DE2F4B378200A3921B /* TransitModels in Frameworks */,
			);
			runOnlyForDeploymentPostprocessing = 0;
		};
		3378242F2F4B2B0A00A3921B /* Frameworks */ = {
			isa = PBXFrameworksBuildPhase;
			buildActionMask = 2147483647;
			files = (
			);
			runOnlyForDeploymentPostprocessing = 0;
		};
		337824392F4B2B0A00A3921B /* Frameworks */ = {
			isa = PBXFrameworksBuildPhase;
			buildActionMask = 2147483647;
			files = (
			);
			runOnlyForDeploymentPostprocessing = 0;
		};
		33AA0BA52F51974E00907628 /* Frameworks */ = {
			isa = PBXFrameworksBuildPhase;
			buildActionMask = 2147483647;
			files = (
				33AA0BAD2F51974E00907628 /* SwiftUI.framework in Frameworks */,
				33AA0BAB2F51974E00907628 /* WidgetKit.framework in Frameworks */,
			);
			runOnlyForDeploymentPostprocessing = 0;
		};
/* End PBXFrameworksBuildPhase section */

/* Begin PBXGroup section */
		3378241A2F4B2B0900A3921B = {
			isa = PBXGroup;
			children = (
				33AA0BC02F51976A00907628 /* metropolistWidgetsExtension.entitlements */,
				337824252F4B2B0900A3921B /* metropolist */,
				33CC00012F5197FF00SHARED /* Shared */,
				337824352F4B2B0A00A3921B /* metropolistTests */,
				3378243F2F4B2B0A00A3921B /* metropolistUITests */,
				33AA0BAE2F51974E00907628 /* metropolistWidgets */,
				33AA0BA92F51974E00907628 /* Frameworks */,
				337824242F4B2B0900A3921B /* Products */,
			);
			sourceTree = "<group>";
		};
		337824242F4B2B0900A3921B /* Products */ = {
			isa = PBXGroup;
			children = (
				337824232F4B2B0900A3921B /* metropolist.app */,
				337824322F4B2B0A00A3921B /* metropolistTests.xctest */,
				3378243C2F4B2B0A00A3921B /* metropolistUITests.xctest */,
				33AA0BA82F51974E00907628 /* metropolistWidgetsExtension.appex */,
			);
			name = Products;
			sourceTree = "<group>";
		};
		33AA0BA92F51974E00907628 /* Frameworks */ = {
			isa = PBXGroup;
			children = (
				33AA0BAA2F51974E00907628 /* WidgetKit.framework */,
				33AA0BAC2F51974E00907628 /* SwiftUI.framework */,
			);
			name = Frameworks;
			sourceTree = "<group>";
		};
/* End PBXGroup section */

/* Begin PBXNativeTarget section */
		337824222F4B2B0900A3921B /* metropolist */ = {
			isa = PBXNativeTarget;
			buildConfigurationList = 337824462F4B2B0A00A3921B /* Build configuration list for PBXNativeTarget "metropolist" */;
			buildPhases = (
				3378241F2F4B2B0900A3921B /* Sources */,
				337824202F4B2B0900A3921B /* Frameworks */,
				337824212F4B2B0900A3921B /* Resources */,
				33AA0BBF2F51974F00907628 /* Embed Foundation Extensions */,
			);
			buildRules = (
			);
			dependencies = (
				33AA0BB92F51974F00907628 /* PBXTargetDependency */,
			);
			fileSystemSynchronizedGroups = (
				337824252F4B2B0900A3921B /* metropolist */,
				33CC00012F5197FF00SHARED /* Shared */,
			);
			name = metropolist;
			packageProductDependencies = (
				337824512F4B2B0A00A3921B /* TransitModels */,
			);
			productName = metropolist;
			productReference = 337824232F4B2B0900A3921B /* metropolist.app */;
			productType = "com.apple.product-type.application";
		};
		337824312F4B2B0A00A3921B /* metropolistTests */ = {
			isa = PBXNativeTarget;
			buildConfigurationList = 337824492F4B2B0A00A3921B /* Build configuration list for PBXNativeTarget "metropolistTests" */;
			buildPhases = (
				3378242E2F4B2B0A00A3921B /* Sources */,
				3378242F2F4B2B0A00A3921B /* Frameworks */,
				337824302F4B2B0A00A3921B /* Resources */,
			);
			buildRules = (
			);
			dependencies = (
				337824342F4B2B0A00A3921B /* PBXTargetDependency */,
			);
			fileSystemSynchronizedGroups = (
				337824352F4B2B0A00A3921B /* metropolistTests */,
				33CC00012F5197FF00SHARED /* Shared */,
			);
			name = metropolistTests;
			packageProductDependencies = (
			);
			productName = metropolistTests;
			productReference = 337824322F4B2B0A00A3921B /* metropolistTests.xctest */;
			productType = "com.apple.product-type.bundle.unit-test";
		};
		3378243B2F4B2B0A00A3921B /* metropolistUITests */ = {
			isa = PBXNativeTarget;
			buildConfigurationList = 3378244C2F4B2B0A00A3921B /* Build configuration list for PBXNativeTarget "metropolistUITests" */;
			buildPhases = (
				337824382F4B2B0A00A3921B /* Sources */,
				337824392F4B2B0A00A3921B /* Frameworks */,
				3378243A2F4B2B0A00A3921B /* Resources */,
			);
			buildRules = (
			);
			dependencies = (
				3378243E2F4B2B0A00A3921B /* PBXTargetDependency */,
			);
			fileSystemSynchronizedGroups = (
				3378243F2F4B2B0A00A3921B /* metropolistUITests */,
			);
			name = metropolistUITests;
			packageProductDependencies = (
			);
			productName = metropolistUITests;
			productReference = 3378243C2F4B2B0A00A3921B /* metropolistUITests.xctest */;
			productType = "com.apple.product-type.bundle.ui-testing";
		};
		33AA0BA72F51974E00907628 /* metropolistWidgetsExtension */ = {
			isa = PBXNativeTarget;
			buildConfigurationList = 33AA0BBB2F51974F00907628 /* Build configuration list for PBXNativeTarget "metropolistWidgetsExtension" */;
			buildPhases = (
				33AA0BA42F51974E00907628 /* Sources */,
				33AA0BA52F51974E00907628 /* Frameworks */,
				33AA0BA62F51974E00907628 /* Resources */,
			);
			buildRules = (
			);
			dependencies = (
			);
			fileSystemSynchronizedGroups = (
				33AA0BAE2F51974E00907628 /* metropolistWidgets */,
				33CC00012F5197FF00SHARED /* Shared */,
			);
			name = metropolistWidgetsExtension;
			packageProductDependencies = (
			);
			productName = metropolistWidgetsExtension;
			productReference = 33AA0BA82F51974E00907628 /* metropolistWidgetsExtension.appex */;
			productType = "com.apple.product-type.app-extension";
		};
/* End PBXNativeTarget section */

/* Begin PBXProject section */
		3378241B2F4B2B0900A3921B /* Project object */ = {
			isa = PBXProject;
			attributes = {
				BuildIndependentTargetsInParallel = 1;
				LastSwiftUpdateCheck = 2620;
				LastUpgradeCheck = 2630;
				TargetAttributes = {
					337824222F4B2B0900A3921B = {
						CreatedOnToolsVersion = 26.2;
					};
					337824312F4B2B0A00A3921B = {
						CreatedOnToolsVersion = 26.2;
						TestTargetID = 337824222F4B2B0900A3921B;
					};
					3378243B2F4B2B0A00A3921B = {
						CreatedOnToolsVersion = 26.2;
						TestTargetID = 337824222F4B2B0900A3921B;
					};
					33AA0BA72F51974E00907628 = {
						CreatedOnToolsVersion = 26.2;
					};
				};
			};
			buildConfigurationList = 3378241E2F4B2B0900A3921B /* Build configuration list for PBXProject "metropolist" */;
			developmentRegion = en;
			hasScannedForEncodings = 0;
			knownRegions = (
				en,
				fr,
				Base,
			);
			mainGroup = 3378241A2F4B2B0900A3921B;
			minimizedProjectReferenceProxies = 1;
			packageReferences = (
				337824502F4B2B0A00A3921B /* XCLocalSwiftPackageReference "../store-builder" */,
			);
			preferredProjectObjectVersion = 77;
			productRefGroup = 337824242F4B2B0900A3921B /* Products */;
			projectDirPath = "";
			projectRoot = "";
			targets = (
				337824222F4B2B0900A3921B /* metropolist */,
				337824312F4B2B0A00A3921B /* metropolistTests */,
				3378243B2F4B2B0A00A3921B /* metropolistUITests */,
				33AA0BA72F51974E00907628 /* metropolistWidgetsExtension */,
			);
		};
/* End PBXProject section */

/* Begin PBXResourcesBuildPhase section */
		337824212F4B2B0900A3921B /* Resources */ = {
			isa = PBXResourcesBuildPhase;
			buildActionMask = 2147483647;
			files = (
			);
			runOnlyForDeploymentPostprocessing = 0;
		};
		337824302F4B2B0A00A3921B /* Resources */ = {
			isa = PBXResourcesBuildPhase;
			buildActionMask = 2147483647;
			files = (
			);
			runOnlyForDeploymentPostprocessing = 0;
		};
		3378243A2F4B2B0A00A3921B /* Resources */ = {
			isa = PBXResourcesBuildPhase;
			buildActionMask = 2147483647;
			files = (
			);
			runOnlyForDeploymentPostprocessing = 0;
		};
		33AA0BA62F51974E00907628 /* Resources */ = {
			isa = PBXResourcesBuildPhase;
			buildActionMask = 2147483647;
			files = (
			);
			runOnlyForDeploymentPostprocessing = 0;
		};
/* End PBXResourcesBuildPhase section */

/* Begin PBXSourcesBuildPhase section */
		3378241F2F4B2B0900A3921B /* Sources */ = {
			isa = PBXSourcesBuildPhase;
			buildActionMask = 2147483647;
			files = (
			);
			runOnlyForDeploymentPostprocessing = 0;
		};
		3378242E2F4B2B0A00A3921B /* Sources */ = {
			isa = PBXSourcesBuildPhase;
			buildActionMask = 2147483647;
			files = (
			);
			runOnlyForDeploymentPostprocessing = 0;
		};
		337824382F4B2B0A00A3921B /* Sources */ = {
			isa = PBXSourcesBuildPhase;
			buildActionMask = 2147483647;
			files = (
			);
			runOnlyForDeploymentPostprocessing = 0;
		};
		33AA0BA42F51974E00907628 /* Sources */ = {
			isa = PBXSourcesBuildPhase;
			buildActionMask = 2147483647;
			files = (
			);
			runOnlyForDeploymentPostprocessing = 0;
		};
/* End PBXSourcesBuildPhase section */

/* Begin PBXTargetDependency section */
		337824342F4B2B0A00A3921B /* PBXTargetDependency */ = {
			isa = PBXTargetDependency;
			target = 337824222F4B2B0900A3921B /* metropolist */;
			targetProxy = 337824332F4B2B0A00A3921B /* PBXContainerItemProxy */;
		};
		3378243E2F4B2B0A00A3921B /* PBXTargetDependency */ = {
			isa = PBXTargetDependency;
			target = 337824222F4B2B0900A3921B /* metropolist */;
			targetProxy = 3378243D2F4B2B0A00A3921B /* PBXContainerItemProxy */;
		};
		33AA0BB92F51974F00907628 /* PBXTargetDependency */ = {
			isa = PBXTargetDependency;
			target = 33AA0BA72F51974E00907628 /* metropolistWidgetsExtension */;
			targetProxy = 33AA0BB82F51974F00907628 /* PBXContainerItemProxy */;
		};
/* End PBXTargetDependency section */

/* Begin XCBuildConfiguration section */
		337824442F4B2B0A00A3921B /* Debug */ = {
			isa = XCBuildConfiguration;
			buildSettings = {
				ALWAYS_SEARCH_USER_PATHS = NO;
				ASSETCATALOG_COMPILER_GENERATE_SWIFT_ASSET_SYMBOL_EXTENSIONS = YES;
				CLANG_ANALYZER_LOCALIZABILITY_NONLOCALIZED = YES;
				CLANG_ANALYZER_NONNULL = YES;
				CLANG_ANALYZER_NUMBER_OBJECT_CONVERSION = YES_AGGRESSIVE;
				CLANG_CXX_LANGUAGE_STANDARD = "gnu++20";
				CLANG_ENABLE_MODULES = YES;
				CLANG_ENABLE_OBJC_ARC = YES;
				CLANG_ENABLE_OBJC_WEAK = YES;
				CLANG_WARN_BLOCK_CAPTURE_AUTORELEASING = YES;
				CLANG_WARN_BOOL_CONVERSION = YES;
				CLANG_WARN_COMMA = YES;
				CLANG_WARN_CONSTANT_CONVERSION = YES;
				CLANG_WARN_DEPRECATED_OBJC_IMPLEMENTATIONS = YES;
				CLANG_WARN_DIRECT_OBJC_ISA_USAGE = YES_ERROR;
				CLANG_WARN_DOCUMENTATION_COMMENTS = YES;
				CLANG_WARN_EMPTY_BODY = YES;
				CLANG_WARN_ENUM_CONVERSION = YES;
				CLANG_WARN_INFINITE_RECURSION = YES;
				CLANG_WARN_INT_CONVERSION = YES;
				CLANG_WARN_NON_LITERAL_NULL_CONVERSION = YES;
				CLANG_WARN_OBJC_IMPLICIT_RETAIN_SELF = YES;
				CLANG_WARN_OBJC_LITERAL_CONVERSION = YES;
				CLANG_WARN_OBJC_ROOT_CLASS = YES_ERROR;
				CLANG_WARN_QUOTED_INCLUDE_IN_FRAMEWORK_HEADER = YES;
				CLANG_WARN_RANGE_LOOP_ANALYSIS = YES;
				CLANG_WARN_STRICT_PROTOTYPES = YES;
				CLANG_WARN_SUSPICIOUS_MOVE = YES;
				CLANG_WARN_UNGUARDED_AVAILABILITY = YES_AGGRESSIVE;
				CLANG_WARN_UNREACHABLE_CODE = YES;
				CLANG_WARN__DUPLICATE_METHOD_MATCH = YES;
				COPY_PHASE_STRIP = NO;
				CURRENT_PROJECT_VERSION = 2026031901;
				DEBUG_INFORMATION_FORMAT = dwarf;
				DEVELOPMENT_TEAM = 2JNW7A7LN3;
				ENABLE_STRICT_OBJC_MSGSEND = YES;
				ENABLE_TESTABILITY = YES;
				ENABLE_USER_SCRIPT_SANDBOXING = YES;
				GCC_C_LANGUAGE_STANDARD = gnu17;
				GCC_DYNAMIC_NO_PIC = NO;
				GCC_NO_COMMON_BLOCKS = YES;
				GCC_OPTIMIZATION_LEVEL = 0;
				GCC_PREPROCESSOR_DEFINITIONS = (
					"DEBUG=1",
					"$(inherited)",
				);
				GCC_WARN_64_TO_32_BIT_CONVERSION = YES;
				GCC_WARN_ABOUT_RETURN_TYPE = YES_ERROR;
				GCC_WARN_UNDECLARED_SELECTOR = YES;
				GCC_WARN_UNINITIALIZED_AUTOS = YES_AGGRESSIVE;
				GCC_WARN_UNUSED_FUNCTION = YES;
				GCC_WARN_UNUSED_VARIABLE = YES;
				IPHONEOS_DEPLOYMENT_TARGET = 26.0;
				LOCALIZATION_PREFERS_STRING_CATALOGS = YES;
				MARKETING_VERSION = 1.7.2;
				MTL_ENABLE_DEBUG_INFO = INCLUDE_SOURCE;
				MTL_FAST_MATH = YES;
				ONLY_ACTIVE_ARCH = YES;
				SDKROOT = iphoneos;
				STRING_CATALOG_GENERATE_SYMBOLS = YES;
				SWIFT_ACTIVE_COMPILATION_CONDITIONS = "DEBUG $(inherited)";
				SWIFT_OPTIMIZATION_LEVEL = "-Onone";
			};
			name = Debug;
		};
		337824452F4B2B0A00A3921B /* Release */ = {
			isa = XCBuildConfiguration;
			buildSettings = {
				ALWAYS_SEARCH_USER_PATHS = NO;
				ASSETCATALOG_COMPILER_GENERATE_SWIFT_ASSET_SYMBOL_EXTENSIONS = YES;
				CLANG_ANALYZER_LOCALIZABILITY_NONLOCALIZED = YES;
				CLANG_ANALYZER_NONNULL = YES;
				CLANG_ANALYZER_NUMBER_OBJECT_CONVERSION = YES_AGGRESSIVE;
				CLANG_CXX_LANGUAGE_STANDARD = "gnu++20";
				CLANG_ENABLE_MODULES = YES;
				CLANG_ENABLE_OBJC_ARC = YES;
				CLANG_ENABLE_OBJC_WEAK = YES;
				CLANG_WARN_BLOCK_CAPTURE_AUTORELEASING = YES;
				CLANG_WARN_BOOL_CONVERSION = YES;
				CLANG_WARN_COMMA = YES;
				CLANG_WARN_CONSTANT_CONVERSION = YES;
				CLANG_WARN_DEPRECATED_OBJC_IMPLEMENTATIONS = YES;
				CLANG_WARN_DIRECT_OBJC_ISA_USAGE = YES_ERROR;
				CLANG_WARN_DOCUMENTATION_COMMENTS = YES;
				CLANG_WARN_EMPTY_BODY = YES;
				CLANG_WARN_ENUM_CONVERSION = YES;
				CLANG_WARN_INFINITE_RECURSION = YES;
				CLANG_WARN_INT_CONVERSION = YES;
				CLANG_WARN_NON_LITERAL_NULL_CONVERSION = YES;
				CLANG_WARN_OBJC_IMPLICIT_RETAIN_SELF = YES;
				CLANG_WARN_OBJC_LITERAL_CONVERSION = YES;
				CLANG_WARN_OBJC_ROOT_CLASS = YES_ERROR;
				CLANG_WARN_QUOTED_INCLUDE_IN_FRAMEWORK_HEADER = YES;
				CLANG_WARN_RANGE_LOOP_ANALYSIS = YES;
				CLANG_WARN_STRICT_PROTOTYPES = YES;
				CLANG_WARN_SUSPICIOUS_MOVE = YES;
				CLANG_WARN_UNGUARDED_AVAILABILITY = YES_AGGRESSIVE;
				CLANG_WARN_UNREACHABLE_CODE = YES;
				CLANG_WARN__DUPLICATE_METHOD_MATCH = YES;
				COPY_PHASE_STRIP = NO;
				CURRENT_PROJECT_VERSION = 2026031901;
				DEBUG_INFORMATION_FORMAT = "dwarf-with-dsym";
				DEVELOPMENT_TEAM = 2JNW7A7LN3;
				ENABLE_NS_ASSERTIONS = NO;
				ENABLE_STRICT_OBJC_MSGSEND = YES;
				ENABLE_USER_SCRIPT_SANDBOXING = YES;
				GCC_C_LANGUAGE_STANDARD = gnu17;
				GCC_NO_COMMON_BLOCKS = YES;
				GCC_WARN_64_TO_32_BIT_CONVERSION = YES;
				GCC_WARN_ABOUT_RETURN_TYPE = YES_ERROR;
				GCC_WARN_UNDECLARED_SELECTOR = YES;
				GCC_WARN_UNINITIALIZED_AUTOS = YES_AGGRESSIVE;
				GCC_WARN_UNUSED_FUNCTION = YES;
				GCC_WARN_UNUSED_VARIABLE = YES;
				IPHONEOS_DEPLOYMENT_TARGET = 26.0;
				LOCALIZATION_PREFERS_STRING_CATALOGS = YES;
				MARKETING_VERSION = 1.7.2;
				MTL_ENABLE_DEBUG_INFO = NO;
				MTL_FAST_MATH = YES;
				SDKROOT = iphoneos;
				STRING_CATALOG_GENERATE_SYMBOLS = YES;
				SWIFT_COMPILATION_MODE = wholemodule;
				VALIDATE_PRODUCT = YES;
			};
			name = Release;
		};
		337824472F4B2B0A00A3921B /* Debug */ = {
			isa = XCBuildConfiguration;
			buildSettings = {
				ASSETCATALOG_COMPILER_APPICON_NAME = MetropolistIcon;
				ASSETCATALOG_COMPILER_GLOBAL_ACCENT_COLOR_NAME = AccentColor;
				ASSETCATALOG_COMPILER_INCLUDE_ALL_APPICON_ASSETS = YES;
				CODE_SIGN_ENTITLEMENTS = metropolist/metropolist.entitlements;
				CODE_SIGN_STYLE = Automatic;
				DEVELOPMENT_TEAM = 2JNW7A7LN3;
				ENABLE_PREVIEWS = YES;
				GENERATE_INFOPLIST_FILE = YES;
				INFOPLIST_FILE = metropolist/Info.plist;
				INFOPLIST_KEY_CFBundleDisplayName = "Métropolist";
				INFOPLIST_KEY_LSApplicationCategoryType = "public.app-category.travel";
				INFOPLIST_KEY_NSLocationWhenInUseUsageDescription = "Metropolist uses your location to find nearby transit stations.";
				INFOPLIST_KEY_UIApplicationSceneManifest_Generation = YES;
				INFOPLIST_KEY_UIApplicationSupportsIndirectInputEvents = YES;
				INFOPLIST_KEY_UILaunchScreen_Generation = YES;
				INFOPLIST_KEY_UISupportedInterfaceOrientations_iPad = "UIInterfaceOrientationPortrait UIInterfaceOrientationPortraitUpsideDown UIInterfaceOrientationLandscapeLeft UIInterfaceOrientationLandscapeRight";
				INFOPLIST_KEY_UISupportedInterfaceOrientations_iPhone = "UIInterfaceOrientationPortrait UIInterfaceOrientationLandscapeLeft UIInterfaceOrientationLandscapeRight";
				IPHONEOS_DEPLOYMENT_TARGET = 17.6;
				LD_RUNPATH_SEARCH_PATHS = (
					"$(inherited)",
					"@executable_path/Frameworks",
				);
				PRODUCT_BUNDLE_IDENTIFIER = com.alexislours.metropolist;
				PRODUCT_NAME = "$(TARGET_NAME)";
				STRING_CATALOG_GENERATE_SYMBOLS = YES;
				SWIFT_APPROACHABLE_CONCURRENCY = YES;
				SWIFT_DEFAULT_ACTOR_ISOLATION = MainActor;
				SWIFT_EMIT_LOC_STRINGS = YES;
				SWIFT_UPCOMING_FEATURE_MEMBER_IMPORT_VISIBILITY = YES;
				SWIFT_VERSION = 6.0;
				TARGETED_DEVICE_FAMILY = "1,2";
			};
			name = Debug;
		};
		337824482F4B2B0A00A3921B /* Release */ = {
			isa = XCBuildConfiguration;
			buildSettings = {
				ASSETCATALOG_COMPILER_APPICON_NAME = MetropolistIcon;
				ASSETCATALOG_COMPILER_GLOBAL_ACCENT_COLOR_NAME = AccentColor;
				ASSETCATALOG_COMPILER_INCLUDE_ALL_APPICON_ASSETS = YES;
				CODE_SIGN_ENTITLEMENTS = metropolist/metropolist.entitlements;
				CODE_SIGN_STYLE = Automatic;
				DEVELOPMENT_TEAM = 2JNW7A7LN3;
				ENABLE_PREVIEWS = YES;
				GENERATE_INFOPLIST_FILE = YES;
				INFOPLIST_FILE = metropolist/Info.plist;
				INFOPLIST_KEY_CFBundleDisplayName = "Métropolist";
				INFOPLIST_KEY_LSApplicationCategoryType = "public.app-category.travel";
				INFOPLIST_KEY_NSLocationWhenInUseUsageDescription = "Metropolist uses your location to find nearby transit stations.";
				INFOPLIST_KEY_UIApplicationSceneManifest_Generation = YES;
				INFOPLIST_KEY_UIApplicationSupportsIndirectInputEvents = YES;
				INFOPLIST_KEY_UILaunchScreen_Generation = YES;
				INFOPLIST_KEY_UISupportedInterfaceOrientations_iPad = "UIInterfaceOrientationPortrait UIInterfaceOrientationPortraitUpsideDown UIInterfaceOrientationLandscapeLeft UIInterfaceOrientationLandscapeRight";
				INFOPLIST_KEY_UISupportedInterfaceOrientations_iPhone = "UIInterfaceOrientationPortrait UIInterfaceOrientationLandscapeLeft UIInterfaceOrientationLandscapeRight";
				IPHONEOS_DEPLOYMENT_TARGET = 17.6;
				LD_RUNPATH_SEARCH_PATHS = (
					"$(inherited)",
					"@executable_path/Frameworks",
				);
				PRODUCT_BUNDLE_IDENTIFIER = com.alexislours.metropolist;
				PRODUCT_NAME = "$(TARGET_NAME)";
				STRING_CATALOG_GENERATE_SYMBOLS = YES;
				SWIFT_APPROACHABLE_CONCURRENCY = YES;
				SWIFT_DEFAULT_ACTOR_ISOLATION = MainActor;
				SWIFT_EMIT_LOC_STRINGS = YES;
				SWIFT_UPCOMING_FEATURE_MEMBER_IMPORT_VISIBILITY = YES;
				SWIFT_VERSION = 6.0;
				TARGETED_DEVICE_FAMILY = "1,2";
			};
			name = Release;
		};
		3378244A2F4B2B0A00A3921B /* Debug */ = {
			isa = XCBuildConfiguration;
			buildSettings = {
				BUNDLE_LOADER = "$(TEST_HOST)";
				CODE_SIGN_STYLE = Automatic;
				CURRENT_PROJECT_VERSION = 1;
				DEVELOPMENT_TEAM = 2JNW7A7LN3;
				GENERATE_INFOPLIST_FILE = YES;
				IPHONEOS_DEPLOYMENT_TARGET = 26.0;
				MARKETING_VERSION = 1.0;
				PRODUCT_BUNDLE_IDENTIFIER = com.alexislours.metropolistTests;
				PRODUCT_NAME = "$(TARGET_NAME)";
				STRING_CATALOG_GENERATE_SYMBOLS = NO;
				SWIFT_APPROACHABLE_CONCURRENCY = YES;
				SWIFT_EMIT_LOC_STRINGS = NO;
				SWIFT_UPCOMING_FEATURE_MEMBER_IMPORT_VISIBILITY = YES;
				SWIFT_VERSION = 6.0;
				TARGETED_DEVICE_FAMILY = "1,2";
				TEST_HOST = "$(BUILT_PRODUCTS_DIR)/metropolist.app/$(BUNDLE_EXECUTABLE_FOLDER_PATH)/metropolist";
			};
			name = Debug;
		};
		3378244B2F4B2B0A00A3921B /* Release */ = {
			isa = XCBuildConfiguration;
			buildSettings = {
				BUNDLE_LOADER = "$(TEST_HOST)";
				CODE_SIGN_STYLE = Automatic;
				CURRENT_PROJECT_VERSION = 1;
				DEVELOPMENT_TEAM = 2JNW7A7LN3;
				GENERATE_INFOPLIST_FILE = YES;
				IPHONEOS_DEPLOYMENT_TARGET = 26.0;
				MARKETING_VERSION = 1.0;
				PRODUCT_BUNDLE_IDENTIFIER = com.alexislours.metropolistTests;
				PRODUCT_NAME = "$(TARGET_NAME)";
				STRING_CATALOG_GENERATE_SYMBOLS = NO;
				SWIFT_APPROACHABLE_CONCURRENCY = YES;
				SWIFT_EMIT_LOC_STRINGS = NO;
				SWIFT_UPCOMING_FEATURE_MEMBER_IMPORT_VISIBILITY = YES;
				SWIFT_VERSION = 6.0;
				TARGETED_DEVICE_FAMILY = "1,2";
				TEST_HOST = "$(BUILT_PRODUCTS_DIR)/metropolist.app/$(BUNDLE_EXECUTABLE_FOLDER_PATH)/metropolist";
			};
			name = Release;
		};
		3378244D2F4B2B0A00A3921B /* Debug */ = {
			isa = XCBuildConfiguration;
			buildSettings = {
				CODE_SIGN_STYLE = Automatic;
				CURRENT_PROJECT_VERSION = 1;
				DEVELOPMENT_TEAM = 2JNW7A7LN3;
				GENERATE_INFOPLIST_FILE = YES;
				MARKETING_VERSION = 1.0;
				PRODUCT_BUNDLE_IDENTIFIER = com.alexislours.metropolistUITests;
				PRODUCT_NAME = "$(TARGET_NAME)";
				STRING_CATALOG_GENERATE_SYMBOLS = NO;
				SWIFT_APPROACHABLE_CONCURRENCY = YES;
				SWIFT_EMIT_LOC_STRINGS = NO;
				SWIFT_UPCOMING_FEATURE_MEMBER_IMPORT_VISIBILITY = YES;
				SWIFT_VERSION = 6.0;
				TARGETED_DEVICE_FAMILY = "1,2";
				TEST_TARGET_NAME = metropolist;
			};
			name = Debug;
		};
		3378244E2F4B2B0A00A3921B /* Release */ = {
			isa = XCBuildConfiguration;
			buildSettings = {
				CODE_SIGN_STYLE = Automatic;
				CURRENT_PROJECT_VERSION = 1;
				DEVELOPMENT_TEAM = 2JNW7A7LN3;
				GENERATE_INFOPLIST_FILE = YES;
				MARKETING_VERSION = 1.0;
				PRODUCT_BUNDLE_IDENTIFIER = com.alexislours.metropolistUITests;
				PRODUCT_NAME = "$(TARGET_NAME)";
				STRING_CATALOG_GENERATE_SYMBOLS = NO;
				SWIFT_APPROACHABLE_CONCURRENCY = YES;
				SWIFT_EMIT_LOC_STRINGS = NO;
				SWIFT_UPCOMING_FEATURE_MEMBER_IMPORT_VISIBILITY = YES;
				SWIFT_VERSION = 6.0;
				TARGETED_DEVICE_FAMILY = "1,2";
				TEST_TARGET_NAME = metropolist;
			};
			name = Release;
		};
		33AA0BBC2F51974F00907628 /* Debug */ = {
			isa = XCBuildConfiguration;
			buildSettings = {
				ASSETCATALOG_COMPILER_GLOBAL_ACCENT_COLOR_NAME = AccentColor;
				ASSETCATALOG_COMPILER_WIDGET_BACKGROUND_COLOR_NAME = WidgetBackground;
				CODE_SIGN_ENTITLEMENTS = metropolistWidgetsExtension.entitlements;
				CODE_SIGN_STYLE = Automatic;
				DEVELOPMENT_TEAM = 2JNW7A7LN3;
				GENERATE_INFOPLIST_FILE = YES;
				INFOPLIST_FILE = metropolistWidgets/Info.plist;
				INFOPLIST_KEY_CFBundleDisplayName = metropolistWidgets;
				INFOPLIST_KEY_NSHumanReadableCopyright = "";
				IPHONEOS_DEPLOYMENT_TARGET = 17.6;
				LD_RUNPATH_SEARCH_PATHS = (
					"$(inherited)",
					"@executable_path/Frameworks",
					"@executable_path/../../Frameworks",
				);
				PRODUCT_BUNDLE_IDENTIFIER = com.alexislours.metropolist.widgets;
				PRODUCT_NAME = "$(TARGET_NAME)";
				SKIP_INSTALL = YES;
				STRING_CATALOG_GENERATE_SYMBOLS = YES;
				SWIFT_APPROACHABLE_CONCURRENCY = YES;
				SWIFT_EMIT_LOC_STRINGS = YES;
				SWIFT_UPCOMING_FEATURE_MEMBER_IMPORT_VISIBILITY = YES;
				SWIFT_VERSION = 6.0;
				TARGETED_DEVICE_FAMILY = "1,2";
			};
			name = Debug;
		};
		33AA0BBD2F51974F00907628 /* Release */ = {
			isa = XCBuildConfiguration;
			buildSettings = {
				ASSETCATALOG_COMPILER_GLOBAL_ACCENT_COLOR_NAME = AccentColor;
				ASSETCATALOG_COMPILER_WIDGET_BACKGROUND_COLOR_NAME = WidgetBackground;
				CODE_SIGN_ENTITLEMENTS = metropolistWidgetsExtension.entitlements;
				CODE_SIGN_STYLE = Automatic;
				DEVELOPMENT_TEAM = 2JNW7A7LN3;
				GENERATE_INFOPLIST_FILE = YES;
				INFOPLIST_FILE = metropolistWidgets/Info.plist;
				INFOPLIST_KEY_CFBundleDisplayName = metropolistWidgets;
				INFOPLIST_KEY_NSHumanReadableCopyright = "";
				IPHONEOS_DEPLOYMENT_TARGET = 17.6;
				LD_RUNPATH_SEARCH_PATHS = (
					"$(inherited)",
					"@executable_path/Frameworks",
					"@executable_path/../../Frameworks",
				);
				PRODUCT_BUNDLE_IDENTIFIER = com.alexislours.metropolist.widgets;
				PRODUCT_NAME = "$(TARGET_NAME)";
				SKIP_INSTALL = YES;
				STRING_CATALOG_GENERATE_SYMBOLS = YES;
				SWIFT_APPROACHABLE_CONCURRENCY = YES;
				SWIFT_EMIT_LOC_STRINGS = YES;
				SWIFT_UPCOMING_FEATURE_MEMBER_IMPORT_VISIBILITY = YES;
				SWIFT_VERSION = 6.0;
				TARGETED_DEVICE_FAMILY = "1,2";
			};
			name = Release;
		};
/* End XCBuildConfiguration section */

/* Begin XCConfigurationList section */
		3378241E2F4B2B0900A3921B /* Build configuration list for PBXProject "metropolist" */ = {
			isa = XCConfigurationList;
			buildConfigurations = (
				337824442F4B2B0A00A3921B /* Debug */,
				337824452F4B2B0A00A3921B /* Release */,
			);
			defaultConfigurationIsVisible = 0;
			defaultConfigurationName = Release;
		};
		337824462F4B2B0A00A3921B /* Build configuration list for PBXNativeTarget "metropolist" */ = {
			isa = XCConfigurationList;
			buildConfigurations = (
				337824472F4B2B0A00A3921B /* Debug */,
				337824482F4B2B0A00A3921B /* Release */,
			);
			defaultConfigurationIsVisible = 0;
			defaultConfigurationName = Release;
		};
		337824492F4B2B0A00A3921B /* Build configuration list for PBXNativeTarget "metropolistTests" */ = {
			isa = XCConfigurationList;
			buildConfigurations = (
				3378244A2F4B2B0A00A3921B /* Debug */,
				3378244B2F4B2B0A00A3921B /* Release */,
			);
			defaultConfigurationIsVisible = 0;
			defaultConfigurationName = Release;
		};
		3378244C2F4B2B0A00A3921B /* Build configuration list for PBXNativeTarget "metropolistUITests" */ = {
			isa = XCConfigurationList;
			buildConfigurations = (
				3378244D2F4B2B0A00A3921B /* Debug */,
				3378244E2F4B2B0A00A3921B /* Release */,
			);
			defaultConfigurationIsVisible = 0;
			defaultConfigurationName = Release;
		};
		33AA0BBB2F51974F00907628 /* Build configuration list for PBXNativeTarget "metropolistWidgetsExtension" */ = {
			isa = XCConfigurationList;
			buildConfigurations = (
				33AA0BBC2F51974F00907628 /* Debug */,
				33AA0BBD2F51974F00907628 /* Release */,
			);
			defaultConfigurationIsVisible = 0;
			defaultConfigurationName = Release;
		};
/* End XCConfigurationList section */

/* Begin XCLocalSwiftPackageReference section */
		337824502F4B2B0A00A3921B /* XCLocalSwiftPackageReference "../store-builder" */ = {
			isa = XCLocalSwiftPackageReference;
			relativePath = "../store-builder";
		};
/* End XCLocalSwiftPackageReference section */

/* Begin XCSwiftPackageProductDependency section */
		337824512F4B2B0A00A3921B /* TransitModels */ = {
			isa = XCSwiftPackageProductDependency;
			productName = TransitModels;
		};
/* End XCSwiftPackageProductDependency section */
	};
	rootObject = 3378241B2F4B2B0900A3921B /* Project object */;
}
